
Microsoft Visual Studio Solution File, Format Version 12.00
# Visual Studio Version 17
VisualStudioVersion = 17.5.33516.290
MinimumVisualStudioVersion = 10.0.40219.1
Project("{FAE04EC0-301F-11D3-BF4B-00C04F79EFBC}") = "ScanEventConsumer", "ScanEventConsumer\ScanEventConsumer.csproj", "{F62F094C-3AB6-4FBD-A0DD-2A129127C5EC}"
EndProject
Global
	GlobalSection(SolutionConfigurationPlatforms) = preSolution
		Debug|Any CPU = Debug|Any CPU
		Release|Any CPU = Release|Any CPU
	EndGlobalSection
	GlobalSection(ProjectConfigurationPlatforms) = postSolution
		{F62F094C-3AB6-4FBD-A0DD-2A129127C5EC}.Debug|Any CPU.ActiveCfg = Debug|Any CPU
		{F62F094C-3AB6-4FBD-A0DD-2A129127C5EC}.Debug|Any CPU.Build.0 = Debug|Any CPU
		{F62F094C-3AB6-4FBD-A0DD-2A129127C5EC}.Release|Any CPU.ActiveCfg = Release|Any CPU
		{F62F094C-3AB6-4FBD-A0DD-2A129127C5EC}.Release|Any CPU.Build.0 = Release|Any CPU
	EndGlobalSection
	GlobalSection(SolutionProperties) = preSolution
		HideSolutionNode = FALSE
	EndGlobalSection
	GlobalSection(ExtensibilityGlobals) = postSolution
		SolutionGuid = {564C3024-EBEE-4A88-8E2D-97F3D96F4D42}
	EndGlobalSection
EndGlobal
